
Microsoft Visual Studio Solution File, Format Version 12.00
# Visual Studio Version 17
VisualStudioVersion = 17.5.33627.172
MinimumVisualStudioVersion = 10.0.40219.1
Project("{FAE04EC0-301F-11D3-BF4B-00C04F79EFBC}") = "WorkplaceBooking", "WorkplaceBooking\WorkplaceBooking.csproj", "{F1633768-1232-4AA4-A4A8-2AAC26447BA9}"
EndProject
Global
	GlobalSection(SolutionConfigurationPlatforms) = preSolution
		Debug|Any CPU = Debug|Any CPU
		Release|Any CPU = Release|Any CPU
	EndGlobalSection
	GlobalSection(ProjectConfigurationPlatforms) = postSolution
		{F1633768-1232-4AA4-A4A8-2AAC26447BA9}.Debug|Any CPU.ActiveCfg = Debug|Any CPU
		{F1633768-1232-4AA4-A4A8-2AAC26447BA9}.Debug|Any CPU.Build.0 = Debug|Any CPU
		{F1633768-1232-4AA4-A4A8-2AAC26447BA9}.Release|Any CPU.ActiveCfg = Release|Any CPU
		{F1633768-1232-4AA4-A4A8-2AAC26447BA9}.Release|Any CPU.Build.0 = Release|Any CPU
	EndGlobalSection
	GlobalSection(SolutionProperties) = preSolution
		HideSolutionNode = FALSE
	EndGlobalSection
	GlobalSection(ExtensibilityGlobals) = postSolution
		SolutionGuid = {F2B692FB-F93A-4967-A9FD-0837ABDB2A4D}
	EndGlobalSection
EndGlobal
